
Microsoft Visual Studio Solution File, Format Version 12.00
# Visual Studio Version 17
VisualStudioVersion = 17.5.33414.496
MinimumVisualStudioVersion = 10.0.40219.1
Project("{FAE04EC0-301F-11D3-BF4B-00C04F79EFBC}") = "ProyectoIS.Android", "ProyectoIS\ProyectoIS.Android\ProyectoIS.Android.csproj", "{0BF57AD7-5526-4B5B-BC8D-8DEEF1584CD7}"
EndProject
Project("{FAE04EC0-301F-11D3-BF4B-00C04F79EFBC}") = "ProyectoIS", "ProyectoIS\ProyectoIS\ProyectoIS.csproj", "{6F4B4C8E-A0E1-484D-9657-13A28BC3DFE8}"
EndProject
Global
	GlobalSection(SolutionConfigurationPlatforms) = preSolution
		Debug|Any CPU = Debug|Any CPU
		Release|Any CPU = Release|Any CPU
	EndGlobalSection
	GlobalSection(ProjectConfigurationPlatforms) = postSolution
		{0BF57AD7-5526-4B5B-BC8D-8DEEF1584CD7}.Debug|Any CPU.ActiveCfg = Debug|Any CPU
		{0BF57AD7-5526-4B5B-BC8D-8DEEF1584CD7}.Debug|Any CPU.Build.0 = Debug|Any CPU
		{0BF57AD7-5526-4B5B-BC8D-8DEEF1584CD7}.Debug|Any CPU.Deploy.0 = Debug|Any CPU
		{0BF57AD7-5526-4B5B-BC8D-8DEEF1584CD7}.Release|Any CPU.ActiveCfg = Release|Any CPU
		{0BF57AD7-5526-4B5B-BC8D-8DEEF1584CD7}.Release|Any CPU.Build.0 = Release|Any CPU
		{0BF57AD7-5526-4B5B-BC8D-8DEEF1584CD7}.Release|Any CPU.Deploy.0 = Release|Any CPU
		{6F4B4C8E-A0E1-484D-9657-13A28BC3DFE8}.Debug|Any CPU.ActiveCfg = Debug|Any CPU
		{6F4B4C8E-A0E1-484D-9657-13A28BC3DFE8}.Debug|Any CPU.Build.0 = Debug|Any CPU
		{6F4B4C8E-A0E1-484D-9657-13A28BC3DFE8}.Debug|Any CPU.Deploy.0 = Debug|Any CPU
		{6F4B4C8E-A0E1-484D-9657-13A28BC3DFE8}.Release|Any CPU.ActiveCfg = Release|Any CPU
		{6F4B4C8E-A0E1-484D-9657-13A28BC3DFE8}.Release|Any CPU.Build.0 = Release|Any CPU
		{6F4B4C8E-A0E1-484D-9657-13A28BC3DFE8}.Release|Any CPU.Deploy.0 = Release|Any CPU
	EndGlobalSection
	GlobalSection(SolutionProperties) = preSolution
		HideSolutionNode = FALSE
	EndGlobalSection
	GlobalSection(ExtensibilityGlobals) = postSolution
		SolutionGuid = {EEBFDA12-A53A-4434-B5D7-6D467308AE5D}
	EndGlobalSection
EndGlobal
